
Microsoft Visual Studio Solution File, Format Version 10.00
# Visual Studio 2008
Project("{FAE04EC0-301F-11D3-BF4B-00C04F79EFBC}") = "TP5-Clustering", "TP5-Clustering\TP5-Clustering.csproj", "{D752521B-7744-4858-9B89-9209C538B39D}"
EndProject
Global
	GlobalSection(SolutionConfigurationPlatforms) = preSolution
		Debug|Any CPU = Debug|Any CPU
		Release|Any CPU = Release|Any CPU
	EndGlobalSection
	GlobalSection(ProjectConfigurationPlatforms) = postSolution
		{D752521B-7744-4858-9B89-9209C538B39D}.Debug|Any CPU.ActiveCfg = Debug|Any CPU
		{D752521B-7744-4858-9B89-9209C538B39D}.Debug|Any CPU.Build.0 = Debug|Any CPU
		{D752521B-7744-4858-9B89-9209C538B39D}.Release|Any CPU.ActiveCfg = Release|Any CPU
		{D752521B-7744-4858-9B89-9209C538B39D}.Release|Any CPU.Build.0 = Release|Any CPU
	EndGlobalSection
	GlobalSection(SolutionProperties) = preSolution
		HideSolutionNode = FALSE
	EndGlobalSection
EndGlobal
